
Microsoft Visual Studio Solution File, Format Version 12.00
# Visual Studio Version 17
VisualStudioVersion = 17.6.33712.159
MinimumVisualStudioVersion = 10.0.40219.1
Project("{FAE04EC0-301F-11D3-BF4B-00C04F79EFBC}") = "secondHomework", "secondHomework.csproj", "{58FC6025-125A-4981-9937-14004C5B0BC9}"
EndProject
Global
	GlobalSection(SolutionConfigurationPlatforms) = preSolution
		Debug|Any CPU = Debug|Any CPU
		Release|Any CPU = Release|Any CPU
	EndGlobalSection
	GlobalSection(ProjectConfigurationPlatforms) = postSolution
		{58FC6025-125A-4981-9937-14004C5B0BC9}.Debug|Any CPU.ActiveCfg = Debug|Any CPU
		{58FC6025-125A-4981-9937-14004C5B0BC9}.Debug|Any CPU.Build.0 = Debug|Any CPU
		{58FC6025-125A-4981-9937-14004C5B0BC9}.Release|Any CPU.ActiveCfg = Release|Any CPU
		{58FC6025-125A-4981-9937-14004C5B0BC9}.Release|Any CPU.Build.0 = Release|Any CPU
	EndGlobalSection
	GlobalSection(SolutionProperties) = preSolution
		HideSolutionNode = FALSE
	EndGlobalSection
	GlobalSection(ExtensibilityGlobals) = postSolution
		SolutionGuid = {FCA25883-98FF-49D8-9C4E-F129FCBDF1D0}
	EndGlobalSection
EndGlobal
